// !$*UTF8*$!
{
	archiveVersion = 1;
	classes = {
	};
	objectVersion = 46;
	objects = {

/* Begin PBXBuildFile section */
		737104281B4C773A00B87C58 /* AppDelegate.swift in Sources */ = {isa = PBXBuildFile; fileRef = 737104271B4C773A00B87C58 /* AppDelegate.swift */; };
		7371042A1B4C773A00B87C58 /* ViewController.swift in Sources */ = {isa = PBXBuildFile; fileRef = 737104291B4C773A00B87C58 /* ViewController.swift */; };
		7371042D1B4C773A00B87C58 /* Main.storyboard in Resources */ = {isa = PBXBuildFile; fileRef = 7371042B1B4C773A00B87C58 /* Main.storyboard */; };
		7371042F1B4C773A00B87C58 /* Images.xcassets in Resources */ = {isa = PBXBuildFile; fileRef = 7371042E1B4C773A00B87C58 /* Images.xcassets */; };
		737104321B4C773A00B87C58 /* LaunchScreen.xib in Resources */ = {isa = PBXBuildFile; fileRef = 737104301B4C773A00B87C58 /* LaunchScreen.xib */; };
		7371043E1B4C773A00B87C58 /* DelegateExampleTests.swift in Sources */ = {isa = PBXBuildFile; fileRef = 7371043D1B4C773A00B87C58 /* DelegateExampleTests.swift */; };
		737104481B4C77C400B87C58 /* StatePickerTableViewController.swift in Sources */ = {isa = PBXBuildFile; fileRef = 737104471B4C77C400B87C58 /* StatePickerTableViewController.swift */; };
		7371044B1B4C791B00B87C58 /* Storyboards.swift in Sources */ = {isa = PBXBuildFile; fileRef = 7371044A1B4C791B00B87C58 /* Storyboards.swift */; };
/* End PBXBuildFile section */

/* Begin PBXContainerItemProxy section */
		737104381B4C773A00B87C58 /* PBXContainerItemProxy */ = {
			isa = PBXContainerItemProxy;
			containerPortal = 7371041A1B4C773A00B87C58 /* Project object */;
			proxyType = 1;
			remoteGlobalIDString = 737104211B4C773A00B87C58;
			remoteInfo = DelegateExample;
		};
/* End PBXContainerItemProxy section */

/* Begin PBXFileReference section */
		737104221B4C773A00B87C58 /* DelegateExample.app */ = {isa = PBXFileReference; explicitFileType = wrapper.application; includeInIndex = 0; path = DelegateExample.app; sourceTree = BUILT_PRODUCTS_DIR; };
		737104261B4C773A00B87C58 /* Info.plist */ = {isa = PBXFileReference; lastKnownFileType = text.plist.xml; path = Info.plist; sourceTree = "<group>"; };
		737104271B4C773A00B87C58 /* AppDelegate.swift */ = {isa = PBXFileReference; lastKnownFileType = sourcecode.swift; path = AppDelegate.swift; sourceTree = "<group>"; };
		737104291B4C773A00B87C58 /* ViewController.swift */ = {isa = PBXFileReference; lastKnownFileType = sourcecode.swift; path = ViewController.swift; sourceTree = "<group>"; };
		7371042C1B4C773A00B87C58 /* Base */ = {isa = PBXFileReference; lastKnownFileType = file.storyboard; name = Base; path = Base.lproj/Main.storyboard; sourceTree = "<group>"; };
		7371042E1B4C773A00B87C58 /* Images.xcassets */ = {isa = PBXFileReference; lastKnownFileType = folder.assetcatalog; path = Images.xcassets; sourceTree = "<group>"; };
		737104311B4C773A00B87C58 /* Base */ = {isa = PBXFileReference; lastKnownFileType = file.xib; name = Base; path = Base.lproj/LaunchScreen.xib; sourceTree = "<group>"; };
		737104371B4C773A00B87C58 /* DelegateExampleTests.xctest */ = {isa = PBXFileReference; explicitFileType = wrapper.cfbundle; includeInIndex = 0; path = DelegateExampleTests.xctest; sourceTree = BUILT_PRODUCTS_DIR; };
		7371043C1B4C773A00B87C58 /* Info.plist */ = {isa = PBXFileReference; lastKnownFileType = text.plist.xml; path = Info.plist; sourceTree = "<group>"; };
		7371043D1B4C773A00B87C58 /* DelegateExampleTests.swift */ = {isa = PBXFileReference; lastKnownFileType = sourcecode.swift; path = DelegateExampleTests.swift; sourceTree = "<group>"; };
		737104471B4C77C400B87C58 /* StatePickerTableViewController.swift */ = {isa = PBXFileReference; fileEncoding = 4; lastKnownFileType = sourcecode.swift; path = StatePickerTableViewController.swift; sourceTree = "<group>"; };
		7371044A1B4C791B00B87C58 /* Storyboards.swift */ = {isa = PBXFileReference; fileEncoding = 4; lastKnownFileType = sourcecode.swift; path = Storyboards.swift; sourceTree = "<group>"; };
/* End PBXFileReference section */

/* Begin PBXFrameworksBuildPhase section */
		7371041F1B4C773A00B87C58 /* Frameworks */ = {
			isa = PBXFrameworksBuildPhase;
			buildActionMask = 2147483647;
			files = (
			);
			runOnlyForDeploymentPostprocessing = 0;
		};
		737104341B4C773A00B87C58 /* Frameworks */ = {
			isa = PBXFrameworksBuildPhase;
			buildActionMask = 2147483647;
			files = (
			);
			runOnlyForDeploymentPostprocessing = 0;
		};
/* End PBXFrameworksBuildPhase section */

/* Begin PBXGroup section */
		737104191B4C773A00B87C58 = {
			isa = PBXGroup;
			children = (
				737104241B4C773A00B87C58 /* DelegateExample */,
				7371043A1B4C773A00B87C58 /* DelegateExampleTests */,
				737104231B4C773A00B87C58 /* Products */,
			);
			sourceTree = "<group>";
		};
		737104231B4C773A00B87C58 /* Products */ = {
			isa = PBXGroup;
			children = (
				737104221B4C773A00B87C58 /* DelegateExample.app */,
				737104371B4C773A00B87C58 /* DelegateExampleTests.xctest */,
			);
			name = Products;
			sourceTree = "<group>";
		};
		737104241B4C773A00B87C58 /* DelegateExample */ = {
			isa = PBXGroup;
			children = (
				737104271B4C773A00B87C58 /* AppDelegate.swift */,
				737104291B4C773A00B87C58 /* ViewController.swift */,
				737104471B4C77C400B87C58 /* StatePickerTableViewController.swift */,
				7371044A1B4C791B00B87C58 /* Storyboards.swift */,
				7371042B1B4C773A00B87C58 /* Main.storyboard */,
				7371042E1B4C773A00B87C58 /* Images.xcassets */,
				737104301B4C773A00B87C58 /* LaunchScreen.xib */,
				737104251B4C773A00B87C58 /* Supporting Files */,
			);
			path = DelegateExample;
			sourceTree = "<group>";
		};
		737104251B4C773A00B87C58 /* Supporting Files */ = {
			isa = PBXGroup;
			children = (
				737104261B4C773A00B87C58 /* Info.plist */,
			);
			name = "Supporting Files";
			sourceTree = "<group>";
		};
		7371043A1B4C773A00B87C58 /* DelegateExampleTests */ = {
			isa = PBXGroup;
			children = (
				7371043D1B4C773A00B87C58 /* DelegateExampleTests.swift */,
				7371043B1B4C773A00B87C58 /* Supporting Files */,
			);
			path = DelegateExampleTests;
			sourceTree = "<group>";
		};
		7371043B1B4C773A00B87C58 /* Supporting Files */ = {
			isa = PBXGroup;
			children = (
				7371043C1B4C773A00B87C58 /* Info.plist */,
			);
			name = "Supporting Files";
			sourceTree = "<group>";
		};
/* End PBXGroup section */

/* Begin PBXNativeTarget section */
		737104211B4C773A00B87C58 /* DelegateExample */ = {
			isa = PBXNativeTarget;
			buildConfigurationList = 737104411B4C773A00B87C58 /* Build configuration list for PBXNativeTarget "DelegateExample" */;
			buildPhases = (
				737104491B4C785F00B87C58 /* Run Script (Natalie) */,
				7371041E1B4C773A00B87C58 /* Sources */,
				7371041F1B4C773A00B87C58 /* Frameworks */,
				737104201B4C773A00B87C58 /* Resources */,
			);
			buildRules = (
			);
			dependencies = (
			);
			name = DelegateExample;
			productName = DelegateExample;
			productReference = 737104221B4C773A00B87C58 /* DelegateExample.app */;
			productType = "com.apple.product-type.application";
		};
		737104361B4C773A00B87C58 /* DelegateExampleTests */ = {
			isa = PBXNativeTarget;
			buildConfigurationList = 737104441B4C773A00B87C58 /* Build configuration list for PBXNativeTarget "DelegateExampleTests" */;
			buildPhases = (
				737104331B4C773A00B87C58 /* Sources */,
				737104341B4C773A00B87C58 /* Frameworks */,
				737104351B4C773A00B87C58 /* Resources */,
			);
			buildRules = (
			);
			dependencies = (
				737104391B4C773A00B87C58 /* PBXTargetDependency */,
			);
			name = DelegateExampleTests;
			productName = DelegateExampleTests;
			productReference = 737104371B4C773A00B87C58 /* DelegateExampleTests.xctest */;
			productType = "com.apple.product-type.bundle.unit-test";
		};
/* End PBXNativeTarget section */

/* Begin PBXProject section */
		7371041A1B4C773A00B87C58 /* Project object */ = {
			isa = PBXProject;
			attributes = {
				LastUpgradeCheck = 0640;
				ORGANIZATIONNAME = Movile;
				TargetAttributes = {
					737104211B4C773A00B87C58 = {
						CreatedOnToolsVersion = 6.4;
					};
					737104361B4C773A00B87C58 = {
						CreatedOnToolsVersion = 6.4;
						TestTargetID = 737104211B4C773A00B87C58;
					};
				};
			};
			buildConfigurationList = 7371041D1B4C773A00B87C58 /* Build configuration list for PBXProject "DelegateExample" */;
			compatibilityVersion = "Xcode 3.2";
			developmentRegion = English;
			hasScannedForEncodings = 0;
			knownRegions = (
				en,
				Base,
			);
			mainGroup = 737104191B4C773A00B87C58;
			productRefGroup = 737104231B4C773A00B87C58 /* Products */;
			projectDirPath = "";
			projectRoot = "";
			targets = (
				737104211B4C773A00B87C58 /* DelegateExample */,
				737104361B4C773A00B87C58 /* DelegateExampleTests */,
			);
		};
/* End PBXProject section */

/* Begin PBXResourcesBuildPhase section */
		737104201B4C773A00B87C58 /* Resources */ = {
			isa = PBXResourcesBuildPhase;
			buildActionMask = 2147483647;
			files = (
				7371042D1B4C773A00B87C58 /* Main.storyboard in Resources */,
				737104321B4C773A00B87C58 /* LaunchScreen.xib in Resources */,
				7371042F1B4C773A00B87C58 /* Images.xcassets in Resources */,
			);
			runOnlyForDeploymentPostprocessing = 0;
		};
		737104351B4C773A00B87C58 /* Resources */ = {
			isa = PBXResourcesBuildPhase;
			buildActionMask = 2147483647;
			files = (
			);
			runOnlyForDeploymentPostprocessing = 0;
		};
/* End PBXResourcesBuildPhase section */

/* Begin PBXShellScriptBuildPhase section */
		737104491B4C785F00B87C58 /* Run Script (Natalie) */ = {
			isa = PBXShellScriptBuildPhase;
			buildActionMask = 2147483647;
			files = (
			);
			inputPaths = (
			);
			name = "Run Script (Natalie)";
			outputPaths = (
			);
			runOnlyForDeploymentPostprocessing = 0;
			shellPath = /bin/sh;
			shellScript = "echo \"Natalie generator\"\n\nNATALIE_PATH=\"/usr/local/bin/natalie.swift\"\n\nif [ -f $NATALIE_PATH ]\nthen\n$NATALIE_PATH \"$PROJECT_DIR/$PROJECT_NAME\" > \"$PROJECT_DIR/$PROJECT_NAME/Storyboards.swift\"\nfi";
		};
/* End PBXShellScriptBuildPhase section */

/* Begin PBXSourcesBuildPhase section */
		7371041E1B4C773A00B87C58 /* Sources */ = {
			isa = PBXSourcesBuildPhase;
			buildActionMask = 2147483647;
			files = (
				7371044B1B4C791B00B87C58 /* Storyboards.swift in Sources */,
				7371042A1B4C773A00B87C58 /* ViewController.swift in Sources */,
				737104481B4C77C400B87C58 /* StatePickerTableViewController.swift in Sources */,
				737104281B4C773A00B87C58 /* AppDelegate.swift in Sources */,
			);
			runOnlyForDeploymentPostprocessing = 0;
		};
		737104331B4C773A00B87C58 /* Sources */ = {
			isa = PBXSourcesBuildPhase;
			buildActionMask = 2147483647;
			files = (
				7371043E1B4C773A00B87C58 /* DelegateExampleTests.swift in Sources */,
			);
			runOnlyForDeploymentPostprocessing = 0;
		};
/* End PBXSourcesBuildPhase section */

/* Begin PBXTargetDependency section */
		737104391B4C773A00B87C58 /* PBXTargetDependency */ = {
			isa = PBXTargetDependency;
			target = 737104211B4C773A00B87C58 /* DelegateExample */;
			targetProxy = 737104381B4C773A00B87C58 /* PBXContainerItemProxy */;
		};
/* End PBXTargetDependency section */

/* Begin PBXVariantGroup section */
		7371042B1B4C773A00B87C58 /* Main.storyboard */ = {
			isa = PBXVariantGroup;
			children = (
				7371042C1B4C773A00B87C58 /* Base */,
			);
			name = Main.storyboard;
			sourceTree = "<group>";
		};
		737104301B4C773A00B87C58 /* LaunchScreen.xib */ = {
			isa = PBXVariantGroup;
			children = (
				737104311B4C773A00B87C58 /* Base */,
			);
			name = LaunchScreen.xib;
			sourceTree = "<group>";
		};
/* End PBXVariantGroup section */

/* Begin XCBuildConfiguration section */
		7371043F1B4C773A00B87C58 /* Debug */ = {
			isa = XCBuildConfiguration;
			buildSettings = {
				ALWAYS_SEARCH_USER_PATHS = NO;
				CLANG_CXX_LANGUAGE_STANDARD = "gnu++0x";
				CLANG_CXX_LIBRARY = "libc++";
				CLANG_ENABLE_MODULES = YES;
				CLANG_ENABLE_OBJC_ARC = YES;
				CLANG_WARN_BOOL_CONVERSION = YES;
				CLANG_WARN_CONSTANT_CONVERSION = YES;
				CLANG_WARN_DIRECT_OBJC_ISA_USAGE = YES_ERROR;
				CLANG_WARN_EMPTY_BODY = YES;
				CLANG_WARN_ENUM_CONVERSION = YES;
				CLANG_WARN_INT_CONVERSION = YES;
				CLANG_WARN_OBJC_ROOT_CLASS = YES_ERROR;
				CLANG_WARN_UNREACHABLE_CODE = YES;
				CLANG_WARN__DUPLICATE_METHOD_MATCH = YES;
				"CODE_SIGN_IDENTITY[sdk=iphoneos*]" = "iPhone Developer";
				COPY_PHASE_STRIP = NO;
				DEBUG_INFORMATION_FORMAT = "dwarf-with-dsym";
				ENABLE_STRICT_OBJC_MSGSEND = YES;
				GCC_C_LANGUAGE_STANDARD = gnu99;
				GCC_DYNAMIC_NO_PIC = NO;
				GCC_NO_COMMON_BLOCKS = YES;
				GCC_OPTIMIZATION_LEVEL = 0;
				GCC_PREPROCESSOR_DEFINITIONS = (
					"DEBUG=1",
					"$(inherited)",
				);
				GCC_SYMBOLS_PRIVATE_EXTERN = NO;
				GCC_WARN_64_TO_32_BIT_CONVERSION = YES;
				GCC_WARN_ABOUT_RETURN_TYPE = YES_ERROR;
				GCC_WARN_UNDECLARED_SELECTOR = YES;
				GCC_WARN_UNINITIALIZED_AUTOS = YES_AGGRESSIVE;
				GCC_WARN_UNUSED_FUNCTION = YES;
				GCC_WARN_UNUSED_VARIABLE = YES;
				IPHONEOS_DEPLOYMENT_TARGET = 8.4;
				MTL_ENABLE_DEBUG_INFO = YES;
				ONLY_ACTIVE_ARCH = YES;
				SDKROOT = iphoneos;
				SWIFT_OPTIMIZATION_LEVEL = "-Onone";
			};
			name = Debug;
		};
		737104401B4C773A00B87C58 /* Release */ = {
			isa = XCBuildConfiguration;
			buildSettings = {
				ALWAYS_SEARCH_USER_PATHS = NO;
				CLANG_CXX_LANGUAGE_STANDARD = "gnu++0x";
				CLANG_CXX_LIBRARY = "libc++";
				CLANG_ENABLE_MODULES = YES;
				CLANG_ENABLE_OBJC_ARC = YES;
				CLANG_WARN_BOOL_CONVERSION = YES;
				CLANG_WARN_CONSTANT_CONVERSION = YES;
				CLANG_WARN_DIRECT_OBJC_ISA_USAGE = YES_ERROR;
				CLANG_WARN_EMPTY_BODY = YES;
				CLANG_WARN_ENUM_CONVERSION = YES;
				CLANG_WARN_INT_CONVERSION = YES;
				CLANG_WARN_OBJC_ROOT_CLASS = YES_ERROR;
				CLANG_WARN_UNREACHABLE_CODE = YES;
				CLANG_WARN__DUPLICATE_METHOD_MATCH = YES;
				"CODE_SIGN_IDENTITY[sdk=iphoneos*]" = "iPhone Developer";
				COPY_PHASE_STRIP = NO;
				DEBUG_INFORMATION_FORMAT = "dwarf-with-dsym";
				ENABLE_NS_ASSERTIONS = NO;
				ENABLE_STRICT_OBJC_MSGSEND = YES;
				GCC_C_LANGUAGE_STANDARD = gnu99;
				GCC_NO_COMMON_BLOCKS = YES;
				GCC_WARN_64_TO_32_BIT_CONVERSION = YES;
				GCC_WARN_ABOUT_RETURN_TYPE = YES_ERROR;
				GCC_WARN_UNDECLARED_SELECTOR = YES;
				GCC_WARN_UNINITIALIZED_AUTOS = YES_AGGRESSIVE;
				GCC_WARN_UNUSED_FUNCTION = YES;
				GCC_WARN_UNUSED_VARIABLE = YES;
				IPHONEOS_DEPLOYMENT_TARGET = 8.4;
				MTL_ENABLE_DEBUG_INFO = NO;
				SDKROOT = iphoneos;
				VALIDATE_PRODUCT = YES;
			};
			name = Release;
		};
		737104421B4C773A00B87C58 /* Debug */ = {
			isa = XCBuildConfiguration;
			buildSettings = {
				ASSETCATALOG_COMPILER_APPICON_NAME = AppIcon;
				INFOPLIST_FILE = DelegateExample/Info.plist;
				LD_RUNPATH_SEARCH_PATHS = "$(inherited) @executable_path/Frameworks";
				PRODUCT_NAME = "$(TARGET_NAME)";
			};
			name = Debug;
		};
		737104431B4C773A00B87C58 /* Release */ = {
			isa = XCBuildConfiguration;
			buildSettings = {
				ASSETCATALOG_COMPILER_APPICON_NAME = AppIcon;
				INFOPLIST_FILE = DelegateExample/Info.plist;
				LD_RUNPATH_SEARCH_PATHS = "$(inherited) @executable_path/Frameworks";
				PRODUCT_NAME = "$(TARGET_NAME)";
			};
			name = Release;
		};
		737104451B4C773A00B87C58 /* Debug */ = {
			isa = XCBuildConfiguration;
			buildSettings = {
				BUNDLE_LOADER = "$(TEST_HOST)";
				FRAMEWORK_SEARCH_PATHS = (
					"$(SDKROOT)/Developer/Library/Frameworks",
					"$(inherited)",
				);
				GCC_PREPROCESSOR_DEFINITIONS = (
					"DEBUG=1",
					"$(inherited)",
				);
				INFOPLIST_FILE = DelegateExampleTests/Info.plist;
				LD_RUNPATH_SEARCH_PATHS = "$(inherited) @executable_path/Frameworks @loader_path/Frameworks";
				PRODUCT_NAME = "$(TARGET_NAME)";
				TEST_HOST = "$(BUILT_PRODUCTS_DIR)/DelegateExample.app/DelegateExample";
			};
			name = Debug;
		};
		737104461B4C773A00B87C58 /* Release */ = {
			isa = XCBuildConfiguration;
			buildSettings = {
				BUNDLE_LOADER = "$(TEST_HOST)";
				FRAMEWORK_SEARCH_PATHS = (
					"$(SDKROOT)/Developer/Library/Frameworks",
					"$(inherited)",
				);
				INFOPLIST_FILE = DelegateExampleTests/Info.plist;
				LD_RUNPATH_SEARCH_PATHS = "$(inherited) @executable_path/Frameworks @loader_path/Frameworks";
				PRODUCT_NAME = "$(TARGET_NAME)";
				TEST_HOST = "$(BUILT_PRODUCTS_DIR)/DelegateExample.app/DelegateExample";
			};
			name = Release;
		};
/* End XCBuildConfiguration section */

/* Begin XCConfigurationList section */
		7371041D1B4C773A00B87C58 /* Build configuration list for PBXProject "DelegateExample" */ = {
			isa = XCConfigurationList;
			buildConfigurations = (
				7371043F1B4C773A00B87C58 /* Debug */,
				737104401B4C773A00B87C58 /* Release */,
			);
			defaultConfigurationIsVisible = 0;
			defaultConfigurationName = Release;
		};
		737104411B4C773A00B87C58 /* Build configuration list for PBXNativeTarget "DelegateExample" */ = {
			isa = XCConfigurationList;
			buildConfigurations = (
				737104421B4C773A00B87C58 /* Debug */,
				737104431B4C773A00B87C58 /* Release */,
			);
			defaultConfigurationIsVisible = 0;
		};
		737104441B4C773A00B87C58 /* Build configuration list for PBXNativeTarget "DelegateExampleTests" */ = {
			isa = XCConfigurationList;
			buildConfigurations = (
				737104451B4C773A00B87C58 /* Debug */,
				737104461B4C773A00B87C58 /* Release */,
			);
			defaultConfigurationIsVisible = 0;
		};
/* End XCConfigurationList section */
	};
	rootObject = 7371041A1B4C773A00B87C58 /* Project object */;
}
